
Microsoft Visual Studio Solution File, Format Version 12.00
Project("{FAE04EC0-301F-11D3-BF4B-00C04F79EFBC}") = "z1", "z1\z1.csproj", "{66DE98FF-5D66-4358-A028-2DC9FC8A5658}"
EndProject
Project("{FAE04EC0-301F-11D3-BF4B-00C04F79EFBC}") = "GoldForCrystals", "GoldForCrystals\GoldForCrystals.csproj", "{1F5B0196-0328-45B1-8D38-CD36ED5DF763}"
EndProject
Project("{FAE04EC0-301F-11D3-BF4B-00C04F79EFBC}") = "GrannysQueue", "GrannysQueue\GrannysQueue.csproj", "{AB071E4E-6365-4D22-80E1-501E8EA5E020}"
EndProject
Project("{FAE04EC0-301F-11D3-BF4B-00C04F79EFBC}") = "UserAsking", "UserAsking\UserAsking.csproj", "{84D629E8-0F6C-4105-BDD7-4E73F66395D0}"
EndProject
Project("{FAE04EC0-301F-11D3-BF4B-00C04F79EFBC}") = "MessageOutput", "MessageOutput\MessageOutput.csproj", "{FE04FFD9-5B50-4BF6-88A6-4F9C6BDB3746}"
EndProject
Project("{FAE04EC0-301F-11D3-BF4B-00C04F79EFBC}") = "ExitMessage", "ExitMessage\ExitMessage.csproj", "{E0953CC9-6657-473C-A4E9-DA1F4DD30F73}"
EndProject
Project("{FAE04EC0-301F-11D3-BF4B-00C04F79EFBC}") = "Converter", "Converter\Converter.csproj", "{84039CA9-02FF-411A-91E4-486111F49512}"
EndProject
Project("{FAE04EC0-301F-11D3-BF4B-00C04F79EFBC}") = "CommandApplicarion", "CommandApplicarion\CommandApplicarion.csproj", "{4229ED9C-0612-47AB-B623-F57890E2E89D}"
EndProject
Project("{FAE04EC0-301F-11D3-BF4B-00C04F79EFBC}") = "Chars", "Chars\Chars.csproj", "{D13B58AA-86F2-42EB-B648-91D8ACA8D08F}"
EndProject
Project("{FAE04EC0-301F-11D3-BF4B-00C04F79EFBC}") = "StringOutput", "StringOutput\StringOutput.csproj", "{F2AFE2F5-4A5B-422C-B1F1-803579127298}"
EndProject
Project("{FAE04EC0-301F-11D3-BF4B-00C04F79EFBC}") = "SecretMessage", "SecretMessage\SecretMessage.csproj", "{CEB8FEC5-9A4F-48B9-BC6D-0AB5BED50C19}"
EndProject
Project("{FAE04EC0-301F-11D3-BF4B-00C04F79EFBC}") = "BossFight", "BossFight\BossFight.csproj", "{3FB21B73-4765-46FB-8D60-955BA8679A2C}"
EndProject
Project("{FAE04EC0-301F-11D3-BF4B-00C04F79EFBC}") = "SecSumm", "SecSumm\SecSumm.csproj", "{1BCCAF48-0E44-4E77-9BCE-C1FDE14C8A20}"
EndProject
Project("{FAE04EC0-301F-11D3-BF4B-00C04F79EFBC}") = "MatrixTom10", "MatrixTom10\MatrixTom10.csproj", "{BBC0AFEC-4A0D-4960-A44F-4B0B58E59D2D}"
EndProject
Project("{FAE04EC0-301F-11D3-BF4B-00C04F79EFBC}") = "LocalMax", "LocalMax\LocalMax.csproj", "{D054E8FE-8DF5-44D4-A49E-5340F86B15A1}"
EndProject
Project("{FAE04EC0-301F-11D3-BF4B-00C04F79EFBC}") = "IcreasedMassive", "IcreasedMassive\IcreasedMassive.csproj", "{6C76B206-F282-48F6-8B4A-3E1B59B5F1D6}"
EndProject
Project("{FAE04EC0-301F-11D3-BF4B-00C04F79EFBC}") = "Docie", "Docie\Docie.csproj", "{2C427CC2-F07C-476B-8330-BCF6442D6BD9}"
EndProject
Project("{FAE04EC0-301F-11D3-BF4B-00C04F79EFBC}") = "HealthBar", "HealthBar\HealthBar.csproj", "{28F92297-0B80-4FC8-9A87-378A064BB5E5}"
EndProject
Project("{FAE04EC0-301F-11D3-BF4B-00C04F79EFBC}") = "ConvertToDigit", "ConvertToDigit\ConvertToDigit.csproj", "{32B863FF-1CC0-4327-BADF-5CF44705032D}"
EndProject
Project("{FAE04EC0-301F-11D3-BF4B-00C04F79EFBC}") = "MapDrawing", "MapDrawing\MapDrawing.csproj", "{E5CF0089-AFF4-4679-A718-E0861F90C6B4}"
EndProject
Project("{FAE04EC0-301F-11D3-BF4B-00C04F79EFBC}") = "Shuffle", "Shuffle\Shuffle.csproj", "{1FBB75DE-0077-4D59-9A71-6B25DA153523}"
EndProject
Project("{FAE04EC0-301F-11D3-BF4B-00C04F79EFBC}") = "WordDescription", "WordDescription\WordDescription.csproj", "{CAED8FF1-BAD4-4A3E-9FB5-469B0536DDF3}"
EndProject
Project("{FAE04EC0-301F-11D3-BF4B-00C04F79EFBC}") = "CustmerServices", "CustmerServices\CustmerServices.csproj", "{37562133-E851-4D9E-90A8-8F731CE01496}"
EndProject
Project("{FAE04EC0-301F-11D3-BF4B-00C04F79EFBC}") = "ListSumm", "ListSumm\ListSumm.csproj", "{72F30E13-040E-4EE1-93E3-102ED25E0D44}"
EndProject
Project("{FAE04EC0-301F-11D3-BF4B-00C04F79EFBC}") = "DictionaryDocie", "DictionaryDocie\DictionaryDocie.csproj", "{549FFFE7-8522-48D4-AB08-1C15B986B0FE}"
EndProject
Project("{FAE04EC0-301F-11D3-BF4B-00C04F79EFBC}") = "PlayerClass", "PlayerClass\PlayerClass.csproj", "{FA99D89F-8FD4-43CF-AE1C-8E8AC09C3BA5}"
EndProject
Project("{FAE04EC0-301F-11D3-BF4B-00C04F79EFBC}") = "XYPosition", "XYPosition\XYPosition.csproj", "{EA63681F-33E3-45E7-A82E-20C42D396091}"
EndProject
Project("{FAE04EC0-301F-11D3-BF4B-00C04F79EFBC}") = "BDPlayers", "BDPlayers\BDPlayers.csproj", "{FAA4ABFE-2AD1-45A4-ABA1-7F8D4C7431ED}"
EndProject
Project("{FAE04EC0-301F-11D3-BF4B-00C04F79EFBC}") = "Shop", "Shop\Shop.csproj", "{06F42E58-88C8-4839-8CB8-4C12621D753B}"
EndProject
Project("{FAE04EC0-301F-11D3-BF4B-00C04F79EFBC}") = "TrainsTripPlanner", "TrainsTripPlanner\TrainsTripPlanner.csproj", "{E0AD0616-9C00-4E93-B1A5-51DF1A1BCDE5}"
EndProject
Project("{FAE04EC0-301F-11D3-BF4B-00C04F79EFBC}") = "Fight", "Fight\Fight.csproj", "{BF082DF1-181C-4172-BFD2-5B5C5D3E043D}"
EndProject
Project("{FAE04EC0-301F-11D3-BF4B-00C04F79EFBC}") = "SuperMarketAdmin", "SuperMarketAdmin\SuperMarketAdmin.csproj", "{9AC5A618-5C5A-481B-9C14-A0932A510215}"
EndProject
Project("{FAE04EC0-301F-11D3-BF4B-00C04F79EFBC}") = "EpicWar", "EpicWar\EpicWar.csproj", "{69BE89FA-CEDB-4407-8E0B-7BE39C25C361}"
EndProject
Project("{FAE04EC0-301F-11D3-BF4B-00C04F79EFBC}") = "aquarium", "aquarium\aquarium.csproj", "{705887C0-98C3-4FF1-8A3D-35012B5D82E9}"
EndProject
Project("{FAE04EC0-301F-11D3-BF4B-00C04F79EFBC}") = "ZooPark", "ZooPark\ZooPark.csproj", "{AD220F90-CAF7-4024-AA95-7E9A449CCF83}"
EndProject
Project("{FAE04EC0-301F-11D3-BF4B-00C04F79EFBC}") = "Autoservice", "Autoservice\Autoservice.csproj", "{E1423DEA-D235-401E-895C-C52DA342EF04}"
EndProject
Project("{FAE04EC0-301F-11D3-BF4B-00C04F79EFBC}") = "CardDeck", "CardDeck\CardDeck.csproj", "{23096CDC-02B9-4A3C-A3DD-5E7F2353D43B}"
EndProject
Project("{FAE04EC0-301F-11D3-BF4B-00C04F79EFBC}") = "Library", "Library\Library.csproj", "{895A9298-CC4B-44DC-B946-97753B5502CF}"
EndProject
Project("{FAE04EC0-301F-11D3-BF4B-00C04F79EFBC}") = "SwitchVariables", "SwitchVariables\SwitchVariables.csproj", "{48BAF6A4-8985-485A-98A5-841F7D107166}"
EndProject
Project("{FAE04EC0-301F-11D3-BF4B-00C04F79EFBC}") = "RandomSumm", "RandomSumm\RandomSumm.csproj", "{9AB6F669-5333-4F0F-8AF5-59CC4027C041}"
EndProject
Project("{FAE04EC0-301F-11D3-BF4B-00C04F79EFBC}") = "N127", "N127\N127.csproj", "{C0DE2B43-EB23-43CD-A60E-CDD4436CC87B}"
EndProject
Project("{FAE04EC0-301F-11D3-BF4B-00C04F79EFBC}") = "Stepen2", "Stepen2\Stepen2.csproj", "{1A56D8BD-D68C-4052-9004-CC215BD45412}"
EndProject
Global
	GlobalSection(SolutionConfigurationPlatforms) = preSolution
		Debug|Any CPU = Debug|Any CPU
		Release|Any CPU = Release|Any CPU
	EndGlobalSection
	GlobalSection(ProjectConfigurationPlatforms) = postSolution
		{66DE98FF-5D66-4358-A028-2DC9FC8A5658}.Debug|Any CPU.ActiveCfg = Debug|Any CPU
		{66DE98FF-5D66-4358-A028-2DC9FC8A5658}.Debug|Any CPU.Build.0 = Debug|Any CPU
		{66DE98FF-5D66-4358-A028-2DC9FC8A5658}.Release|Any CPU.ActiveCfg = Release|Any CPU
		{66DE98FF-5D66-4358-A028-2DC9FC8A5658}.Release|Any CPU.Build.0 = Release|Any CPU
		{1F5B0196-0328-45B1-8D38-CD36ED5DF763}.Debug|Any CPU.ActiveCfg = Debug|Any CPU
		{1F5B0196-0328-45B1-8D38-CD36ED5DF763}.Debug|Any CPU.Build.0 = Debug|Any CPU
		{1F5B0196-0328-45B1-8D38-CD36ED5DF763}.Release|Any CPU.ActiveCfg = Release|Any CPU
		{1F5B0196-0328-45B1-8D38-CD36ED5DF763}.Release|Any CPU.Build.0 = Release|Any CPU
		{AB071E4E-6365-4D22-80E1-501E8EA5E020}.Debug|Any CPU.ActiveCfg = Debug|Any CPU
		{AB071E4E-6365-4D22-80E1-501E8EA5E020}.Debug|Any CPU.Build.0 = Debug|Any CPU
		{AB071E4E-6365-4D22-80E1-501E8EA5E020}.Release|Any CPU.ActiveCfg = Release|Any CPU
		{AB071E4E-6365-4D22-80E1-501E8EA5E020}.Release|Any CPU.Build.0 = Release|Any CPU
		{84D629E8-0F6C-4105-BDD7-4E73F66395D0}.Debug|Any CPU.ActiveCfg = Debug|Any CPU
		{84D629E8-0F6C-4105-BDD7-4E73F66395D0}.Debug|Any CPU.Build.0 = Debug|Any CPU
		{84D629E8-0F6C-4105-BDD7-4E73F66395D0}.Release|Any CPU.ActiveCfg = Release|Any CPU
		{84D629E8-0F6C-4105-BDD7-4E73F66395D0}.Release|Any CPU.Build.0 = Release|Any CPU
		{FE04FFD9-5B50-4BF6-88A6-4F9C6BDB3746}.Debug|Any CPU.ActiveCfg = Debug|Any CPU
		{FE04FFD9-5B50-4BF6-88A6-4F9C6BDB3746}.Debug|Any CPU.Build.0 = Debug|Any CPU
		{FE04FFD9-5B50-4BF6-88A6-4F9C6BDB3746}.Release|Any CPU.ActiveCfg = Release|Any CPU
		{FE04FFD9-5B50-4BF6-88A6-4F9C6BDB3746}.Release|Any CPU.Build.0 = Release|Any CPU
		{E0953CC9-6657-473C-A4E9-DA1F4DD30F73}.Debug|Any CPU.ActiveCfg = Debug|Any CPU
		{E0953CC9-6657-473C-A4E9-DA1F4DD30F73}.Debug|Any CPU.Build.0 = Debug|Any CPU
		{E0953CC9-6657-473C-A4E9-DA1F4DD30F73}.Release|Any CPU.ActiveCfg = Release|Any CPU
		{E0953CC9-6657-473C-A4E9-DA1F4DD30F73}.Release|Any CPU.Build.0 = Release|Any CPU
		{84039CA9-02FF-411A-91E4-486111F49512}.Debug|Any CPU.ActiveCfg = Debug|Any CPU
		{84039CA9-02FF-411A-91E4-486111F49512}.Debug|Any CPU.Build.0 = Debug|Any CPU
		{84039CA9-02FF-411A-91E4-486111F49512}.Release|Any CPU.ActiveCfg = Release|Any CPU
		{84039CA9-02FF-411A-91E4-486111F49512}.Release|Any CPU.Build.0 = Release|Any CPU
		{4229ED9C-0612-47AB-B623-F57890E2E89D}.Debug|Any CPU.ActiveCfg = Debug|Any CPU
		{4229ED9C-0612-47AB-B623-F57890E2E89D}.Debug|Any CPU.Build.0 = Debug|Any CPU
		{4229ED9C-0612-47AB-B623-F57890E2E89D}.Release|Any CPU.ActiveCfg = Release|Any CPU
		{4229ED9C-0612-47AB-B623-F57890E2E89D}.Release|Any CPU.Build.0 = Release|Any CPU
		{D13B58AA-86F2-42EB-B648-91D8ACA8D08F}.Debug|Any CPU.ActiveCfg = Debug|Any CPU
		{D13B58AA-86F2-42EB-B648-91D8ACA8D08F}.Debug|Any CPU.Build.0 = Debug|Any CPU
		{D13B58AA-86F2-42EB-B648-91D8ACA8D08F}.Release|Any CPU.ActiveCfg = Release|Any CPU
		{D13B58AA-86F2-42EB-B648-91D8ACA8D08F}.Release|Any CPU.Build.0 = Release|Any CPU
		{F2AFE2F5-4A5B-422C-B1F1-803579127298}.Debug|Any CPU.ActiveCfg = Debug|Any CPU
		{F2AFE2F5-4A5B-422C-B1F1-803579127298}.Debug|Any CPU.Build.0 = Debug|Any CPU
		{F2AFE2F5-4A5B-422C-B1F1-803579127298}.Release|Any CPU.ActiveCfg = Release|Any CPU
		{F2AFE2F5-4A5B-422C-B1F1-803579127298}.Release|Any CPU.Build.0 = Release|Any CPU
		{CEB8FEC5-9A4F-48B9-BC6D-0AB5BED50C19}.Debug|Any CPU.ActiveCfg = Debug|Any CPU
		{CEB8FEC5-9A4F-48B9-BC6D-0AB5BED50C19}.Debug|Any CPU.Build.0 = Debug|Any CPU
		{CEB8FEC5-9A4F-48B9-BC6D-0AB5BED50C19}.Release|Any CPU.ActiveCfg = Release|Any CPU
		{CEB8FEC5-9A4F-48B9-BC6D-0AB5BED50C19}.Release|Any CPU.Build.0 = Release|Any CPU
		{3FB21B73-4765-46FB-8D60-955BA8679A2C}.Debug|Any CPU.ActiveCfg = Debug|Any CPU
		{3FB21B73-4765-46FB-8D60-955BA8679A2C}.Debug|Any CPU.Build.0 = Debug|Any CPU
		{3FB21B73-4765-46FB-8D60-955BA8679A2C}.Release|Any CPU.ActiveCfg = Release|Any CPU
		{3FB21B73-4765-46FB-8D60-955BA8679A2C}.Release|Any CPU.Build.0 = Release|Any CPU
		{1BCCAF48-0E44-4E77-9BCE-C1FDE14C8A20}.Debug|Any CPU.ActiveCfg = Debug|Any CPU
		{1BCCAF48-0E44-4E77-9BCE-C1FDE14C8A20}.Debug|Any CPU.Build.0 = Debug|Any CPU
		{1BCCAF48-0E44-4E77-9BCE-C1FDE14C8A20}.Release|Any CPU.ActiveCfg = Release|Any CPU
		{1BCCAF48-0E44-4E77-9BCE-C1FDE14C8A20}.Release|Any CPU.Build.0 = Release|Any CPU
		{BBC0AFEC-4A0D-4960-A44F-4B0B58E59D2D}.Debug|Any CPU.ActiveCfg = Debug|Any CPU
		{BBC0AFEC-4A0D-4960-A44F-4B0B58E59D2D}.Debug|Any CPU.Build.0 = Debug|Any CPU
		{BBC0AFEC-4A0D-4960-A44F-4B0B58E59D2D}.Release|Any CPU.ActiveCfg = Release|Any CPU
		{BBC0AFEC-4A0D-4960-A44F-4B0B58E59D2D}.Release|Any CPU.Build.0 = Release|Any CPU
		{D054E8FE-8DF5-44D4-A49E-5340F86B15A1}.Debug|Any CPU.ActiveCfg = Debug|Any CPU
		{D054E8FE-8DF5-44D4-A49E-5340F86B15A1}.Debug|Any CPU.Build.0 = Debug|Any CPU
		{D054E8FE-8DF5-44D4-A49E-5340F86B15A1}.Release|Any CPU.ActiveCfg = Release|Any CPU
		{D054E8FE-8DF5-44D4-A49E-5340F86B15A1}.Release|Any CPU.Build.0 = Release|Any CPU
		{6C76B206-F282-48F6-8B4A-3E1B59B5F1D6}.Debug|Any CPU.ActiveCfg = Debug|Any CPU
		{6C76B206-F282-48F6-8B4A-3E1B59B5F1D6}.Debug|Any CPU.Build.0 = Debug|Any CPU
		{6C76B206-F282-48F6-8B4A-3E1B59B5F1D6}.Release|Any CPU.ActiveCfg = Release|Any CPU
		{6C76B206-F282-48F6-8B4A-3E1B59B5F1D6}.Release|Any CPU.Build.0 = Release|Any CPU
		{2C427CC2-F07C-476B-8330-BCF6442D6BD9}.Debug|Any CPU.ActiveCfg = Debug|Any CPU
		{2C427CC2-F07C-476B-8330-BCF6442D6BD9}.Debug|Any CPU.Build.0 = Debug|Any CPU
		{2C427CC2-F07C-476B-8330-BCF6442D6BD9}.Release|Any CPU.ActiveCfg = Release|Any CPU
		{2C427CC2-F07C-476B-8330-BCF6442D6BD9}.Release|Any CPU.Build.0 = Release|Any CPU
		{28F92297-0B80-4FC8-9A87-378A064BB5E5}.Debug|Any CPU.ActiveCfg = Debug|Any CPU
		{28F92297-0B80-4FC8-9A87-378A064BB5E5}.Debug|Any CPU.Build.0 = Debug|Any CPU
		{28F92297-0B80-4FC8-9A87-378A064BB5E5}.Release|Any CPU.ActiveCfg = Release|Any CPU
		{28F92297-0B80-4FC8-9A87-378A064BB5E5}.Release|Any CPU.Build.0 = Release|Any CPU
		{32B863FF-1CC0-4327-BADF-5CF44705032D}.Debug|Any CPU.ActiveCfg = Debug|Any CPU
		{32B863FF-1CC0-4327-BADF-5CF44705032D}.Debug|Any CPU.Build.0 = Debug|Any CPU
		{32B863FF-1CC0-4327-BADF-5CF44705032D}.Release|Any CPU.ActiveCfg = Release|Any CPU
		{32B863FF-1CC0-4327-BADF-5CF44705032D}.Release|Any CPU.Build.0 = Release|Any CPU
		{E5CF0089-AFF4-4679-A718-E0861F90C6B4}.Debug|Any CPU.ActiveCfg = Debug|Any CPU
		{E5CF0089-AFF4-4679-A718-E0861F90C6B4}.Debug|Any CPU.Build.0 = Debug|Any CPU
		{E5CF0089-AFF4-4679-A718-E0861F90C6B4}.Release|Any CPU.ActiveCfg = Release|Any CPU
		{E5CF0089-AFF4-4679-A718-E0861F90C6B4}.Release|Any CPU.Build.0 = Release|Any CPU
		{1FBB75DE-0077-4D59-9A71-6B25DA153523}.Debug|Any CPU.ActiveCfg = Debug|Any CPU
		{1FBB75DE-0077-4D59-9A71-6B25DA153523}.Debug|Any CPU.Build.0 = Debug|Any CPU
		{1FBB75DE-0077-4D59-9A71-6B25DA153523}.Release|Any CPU.ActiveCfg = Release|Any CPU
		{1FBB75DE-0077-4D59-9A71-6B25DA153523}.Release|Any CPU.Build.0 = Release|Any CPU
		{CAED8FF1-BAD4-4A3E-9FB5-469B0536DDF3}.Debug|Any CPU.ActiveCfg = Debug|Any CPU
		{CAED8FF1-BAD4-4A3E-9FB5-469B0536DDF3}.Debug|Any CPU.Build.0 = Debug|Any CPU
		{CAED8FF1-BAD4-4A3E-9FB5-469B0536DDF3}.Release|Any CPU.ActiveCfg = Release|Any CPU
		{CAED8FF1-BAD4-4A3E-9FB5-469B0536DDF3}.Release|Any CPU.Build.0 = Release|Any CPU
		{37562133-E851-4D9E-90A8-8F731CE01496}.Debug|Any CPU.ActiveCfg = Debug|Any CPU
		{37562133-E851-4D9E-90A8-8F731CE01496}.Debug|Any CPU.Build.0 = Debug|Any CPU
		{37562133-E851-4D9E-90A8-8F731CE01496}.Release|Any CPU.ActiveCfg = Release|Any CPU
		{37562133-E851-4D9E-90A8-8F731CE01496}.Release|Any CPU.Build.0 = Release|Any CPU
		{72F30E13-040E-4EE1-93E3-102ED25E0D44}.Debug|Any CPU.ActiveCfg = Debug|Any CPU
		{72F30E13-040E-4EE1-93E3-102ED25E0D44}.Debug|Any CPU.Build.0 = Debug|Any CPU
		{72F30E13-040E-4EE1-93E3-102ED25E0D44}.Release|Any CPU.ActiveCfg = Release|Any CPU
		{72F30E13-040E-4EE1-93E3-102ED25E0D44}.Release|Any CPU.Build.0 = Release|Any CPU
		{549FFFE7-8522-48D4-AB08-1C15B986B0FE}.Debug|Any CPU.ActiveCfg = Debug|Any CPU
		{549FFFE7-8522-48D4-AB08-1C15B986B0FE}.Debug|Any CPU.Build.0 = Debug|Any CPU
		{549FFFE7-8522-48D4-AB08-1C15B986B0FE}.Release|Any CPU.ActiveCfg = Release|Any CPU
		{549FFFE7-8522-48D4-AB08-1C15B986B0FE}.Release|Any CPU.Build.0 = Release|Any CPU
		{FA99D89F-8FD4-43CF-AE1C-8E8AC09C3BA5}.Debug|Any CPU.ActiveCfg = Debug|Any CPU
		{FA99D89F-8FD4-43CF-AE1C-8E8AC09C3BA5}.Debug|Any CPU.Build.0 = Debug|Any CPU
		{FA99D89F-8FD4-43CF-AE1C-8E8AC09C3BA5}.Release|Any CPU.ActiveCfg = Release|Any CPU
		{FA99D89F-8FD4-43CF-AE1C-8E8AC09C3BA5}.Release|Any CPU.Build.0 = Release|Any CPU
		{EA63681F-33E3-45E7-A82E-20C42D396091}.Debug|Any CPU.ActiveCfg = Debug|Any CPU
		{EA63681F-33E3-45E7-A82E-20C42D396091}.Debug|Any CPU.Build.0 = Debug|Any CPU
		{EA63681F-33E3-45E7-A82E-20C42D396091}.Release|Any CPU.ActiveCfg = Release|Any CPU
		{EA63681F-33E3-45E7-A82E-20C42D396091}.Release|Any CPU.Build.0 = Release|Any CPU
		{FAA4ABFE-2AD1-45A4-ABA1-7F8D4C7431ED}.Debug|Any CPU.ActiveCfg = Debug|Any CPU
		{FAA4ABFE-2AD1-45A4-ABA1-7F8D4C7431ED}.Debug|Any CPU.Build.0 = Debug|Any CPU
		{FAA4ABFE-2AD1-45A4-ABA1-7F8D4C7431ED}.Release|Any CPU.ActiveCfg = Release|Any CPU
		{FAA4ABFE-2AD1-45A4-ABA1-7F8D4C7431ED}.Release|Any CPU.Build.0 = Release|Any CPU
		{06F42E58-88C8-4839-8CB8-4C12621D753B}.Debug|Any CPU.ActiveCfg = Debug|Any CPU
		{06F42E58-88C8-4839-8CB8-4C12621D753B}.Debug|Any CPU.Build.0 = Debug|Any CPU
		{06F42E58-88C8-4839-8CB8-4C12621D753B}.Release|Any CPU.ActiveCfg = Release|Any CPU
		{06F42E58-88C8-4839-8CB8-4C12621D753B}.Release|Any CPU.Build.0 = Release|Any CPU
		{E0AD0616-9C00-4E93-B1A5-51DF1A1BCDE5}.Debug|Any CPU.ActiveCfg = Debug|Any CPU
		{E0AD0616-9C00-4E93-B1A5-51DF1A1BCDE5}.Debug|Any CPU.Build.0 = Debug|Any CPU
		{E0AD0616-9C00-4E93-B1A5-51DF1A1BCDE5}.Release|Any CPU.ActiveCfg = Release|Any CPU
		{E0AD0616-9C00-4E93-B1A5-51DF1A1BCDE5}.Release|Any CPU.Build.0 = Release|Any CPU
		{BF082DF1-181C-4172-BFD2-5B5C5D3E043D}.Debug|Any CPU.ActiveCfg = Debug|Any CPU
		{BF082DF1-181C-4172-BFD2-5B5C5D3E043D}.Debug|Any CPU.Build.0 = Debug|Any CPU
		{BF082DF1-181C-4172-BFD2-5B5C5D3E043D}.Release|Any CPU.ActiveCfg = Release|Any CPU
		{BF082DF1-181C-4172-BFD2-5B5C5D3E043D}.Release|Any CPU.Build.0 = Release|Any CPU
		{9AC5A618-5C5A-481B-9C14-A0932A510215}.Debug|Any CPU.ActiveCfg = Debug|Any CPU
		{9AC5A618-5C5A-481B-9C14-A0932A510215}.Debug|Any CPU.Build.0 = Debug|Any CPU
		{9AC5A618-5C5A-481B-9C14-A0932A510215}.Release|Any CPU.ActiveCfg = Release|Any CPU
		{9AC5A618-5C5A-481B-9C14-A0932A510215}.Release|Any CPU.Build.0 = Release|Any CPU
		{69BE89FA-CEDB-4407-8E0B-7BE39C25C361}.Debug|Any CPU.ActiveCfg = Debug|Any CPU
		{69BE89FA-CEDB-4407-8E0B-7BE39C25C361}.Debug|Any CPU.Build.0 = Debug|Any CPU
		{69BE89FA-CEDB-4407-8E0B-7BE39C25C361}.Release|Any CPU.ActiveCfg = Release|Any CPU
		{69BE89FA-CEDB-4407-8E0B-7BE39C25C361}.Release|Any CPU.Build.0 = Release|Any CPU
		{705887C0-98C3-4FF1-8A3D-35012B5D82E9}.Debug|Any CPU.ActiveCfg = Debug|Any CPU
		{705887C0-98C3-4FF1-8A3D-35012B5D82E9}.Debug|Any CPU.Build.0 = Debug|Any CPU
		{705887C0-98C3-4FF1-8A3D-35012B5D82E9}.Release|Any CPU.ActiveCfg = Release|Any CPU
		{705887C0-98C3-4FF1-8A3D-35012B5D82E9}.Release|Any CPU.Build.0 = Release|Any CPU
		{AD220F90-CAF7-4024-AA95-7E9A449CCF83}.Debug|Any CPU.ActiveCfg = Debug|Any CPU
		{AD220F90-CAF7-4024-AA95-7E9A449CCF83}.Debug|Any CPU.Build.0 = Debug|Any CPU
		{AD220F90-CAF7-4024-AA95-7E9A449CCF83}.Release|Any CPU.ActiveCfg = Release|Any CPU
		{AD220F90-CAF7-4024-AA95-7E9A449CCF83}.Release|Any CPU.Build.0 = Release|Any CPU
		{E1423DEA-D235-401E-895C-C52DA342EF04}.Debug|Any CPU.ActiveCfg = Debug|Any CPU
		{E1423DEA-D235-401E-895C-C52DA342EF04}.Debug|Any CPU.Build.0 = Debug|Any CPU
		{E1423DEA-D235-401E-895C-C52DA342EF04}.Release|Any CPU.ActiveCfg = Release|Any CPU
		{E1423DEA-D235-401E-895C-C52DA342EF04}.Release|Any CPU.Build.0 = Release|Any CPU
		{23096CDC-02B9-4A3C-A3DD-5E7F2353D43B}.Debug|Any CPU.ActiveCfg = Debug|Any CPU
		{23096CDC-02B9-4A3C-A3DD-5E7F2353D43B}.Debug|Any CPU.Build.0 = Debug|Any CPU
		{23096CDC-02B9-4A3C-A3DD-5E7F2353D43B}.Release|Any CPU.ActiveCfg = Release|Any CPU
		{23096CDC-02B9-4A3C-A3DD-5E7F2353D43B}.Release|Any CPU.Build.0 = Release|Any CPU
		{895A9298-CC4B-44DC-B946-97753B5502CF}.Debug|Any CPU.ActiveCfg = Debug|Any CPU
		{895A9298-CC4B-44DC-B946-97753B5502CF}.Debug|Any CPU.Build.0 = Debug|Any CPU
		{895A9298-CC4B-44DC-B946-97753B5502CF}.Release|Any CPU.ActiveCfg = Release|Any CPU
		{895A9298-CC4B-44DC-B946-97753B5502CF}.Release|Any CPU.Build.0 = Release|Any CPU
		{48BAF6A4-8985-485A-98A5-841F7D107166}.Debug|Any CPU.ActiveCfg = Debug|Any CPU
		{48BAF6A4-8985-485A-98A5-841F7D107166}.Debug|Any CPU.Build.0 = Debug|Any CPU
		{48BAF6A4-8985-485A-98A5-841F7D107166}.Release|Any CPU.ActiveCfg = Release|Any CPU
		{48BAF6A4-8985-485A-98A5-841F7D107166}.Release|Any CPU.Build.0 = Release|Any CPU
		{9AB6F669-5333-4F0F-8AF5-59CC4027C041}.Debug|Any CPU.ActiveCfg = Debug|Any CPU
		{9AB6F669-5333-4F0F-8AF5-59CC4027C041}.Debug|Any CPU.Build.0 = Debug|Any CPU
		{9AB6F669-5333-4F0F-8AF5-59CC4027C041}.Release|Any CPU.ActiveCfg = Release|Any CPU
		{9AB6F669-5333-4F0F-8AF5-59CC4027C041}.Release|Any CPU.Build.0 = Release|Any CPU
		{C0DE2B43-EB23-43CD-A60E-CDD4436CC87B}.Debug|Any CPU.ActiveCfg = Debug|Any CPU
		{C0DE2B43-EB23-43CD-A60E-CDD4436CC87B}.Debug|Any CPU.Build.0 = Debug|Any CPU
		{C0DE2B43-EB23-43CD-A60E-CDD4436CC87B}.Release|Any CPU.ActiveCfg = Release|Any CPU
		{C0DE2B43-EB23-43CD-A60E-CDD4436CC87B}.Release|Any CPU.Build.0 = Release|Any CPU
		{1A56D8BD-D68C-4052-9004-CC215BD45412}.Debug|Any CPU.ActiveCfg = Debug|Any CPU
		{1A56D8BD-D68C-4052-9004-CC215BD45412}.Debug|Any CPU.Build.0 = Debug|Any CPU
		{1A56D8BD-D68C-4052-9004-CC215BD45412}.Release|Any CPU.ActiveCfg = Release|Any CPU
		{1A56D8BD-D68C-4052-9004-CC215BD45412}.Release|Any CPU.Build.0 = Release|Any CPU
	EndGlobalSection
EndGlobal
